<?xml version="1.0" encoding="utf-8"?>
<Project ToolsVersion="4.0" xmlns="http://schemas.microsoft.com/developer/msbuild/2003">
  <ItemGroup>
    <Filter Include="Luxia">
      <UniqueIdentifier>{287BA00D-948F-C8BE-5D11-6C1EC9E4C4EF}</UniqueIdentifier>
    </Filter>
    <Filter Include="Luxia\Asset">
      <UniqueIdentifier>{B7ED657A-23A3-DE6F-AC97-D846184CD573}</UniqueIdentifier>
    </Filter>
    <Filter Include="Luxia\Components">
      <UniqueIdentifier>{3D17B13A-2910-D08C-5242-B5113E9AAF98}</UniqueIdentifier>
    </Filter>
    <Filter Include="Luxia\Core">
      <UniqueIdentifier>{80D8ECDC-6C90-2E2A-D597-0786C16EC91A}</UniqueIdentifier>
    </Filter>
    <Filter Include="Luxia\Events">
      <UniqueIdentifier>{0C0AA7D0-F86C-3675-A1F2-6E2B8D3402F8}</UniqueIdentifier>
    </Filter>
    <Filter Include="Luxia\Layers">
      <UniqueIdentifier>{E7F489DF-D357-1984-7CDD-513A681FE506}</UniqueIdentifier>
    </Filter>
    <Filter Include="Luxia\Managers">
      <UniqueIdentifier>{054A25BC-F117-19C2-DAAB-89E8C618F526}</UniqueIdentifier>
    </Filter>
    <Filter Include="Luxia\Platform">
      <UniqueIdentifier>{7CC4AFB2-6892-A3B8-5126-14DF3D937F1D}</UniqueIdentifier>
    </Filter>
    <Filter Include="Luxia\Platform\OpenGL">
      <UniqueIdentifier>{300A0BB1-9C76-C6AB-656A-5E09D195E813}</UniqueIdentifier>
    </Filter>
    <Filter Include="Luxia\Rendering">
      <UniqueIdentifier>{7556263F-E1E1-9303-EAF2-16F856FDEF03}</UniqueIdentifier>
    </Filter>
    <Filter Include="Luxia\Rendering\API">
      <UniqueIdentifier>{DE6DC17E-4ACF-9E8C-D33C-E53E3F9DD54B}</UniqueIdentifier>
    </Filter>
    <Filter Include="Luxia\Rendering\OpenGL">
      <UniqueIdentifier>{098A5CF2-F583-8544-DEF0-1B55CA89EBB0}</UniqueIdentifier>
    </Filter>
  </ItemGroup>
  <ItemGroup>
    <ClInclude Include="src\Luxia.h" />
    <ClInclude Include="src\Luxia\Asset\Asset.h">
      <Filter>Luxia\Asset</Filter>
    </ClInclude>
    <ClInclude Include="src\Luxia\Asset\AssetFile.h">
      <Filter>Luxia\Asset</Filter>
    </ClInclude>
    <ClInclude Include="src\Luxia\Asset\AssetType.h">
      <Filter>Luxia\Asset</Filter>
    </ClInclude>
    <ClInclude Include="src\Luxia\Asset\MaterialFile.h">
      <Filter>Luxia\Asset</Filter>
    </ClInclude>
    <ClInclude Include="src\Luxia\Asset\MetaFile.h">
      <Filter>Luxia\Asset</Filter>
    </ClInclude>
    <ClInclude Include="src\Luxia\Asset\ModelFile.h">
      <Filter>Luxia\Asset</Filter>
    </ClInclude>
    <ClInclude Include="src\Luxia\Asset\SceneFile.h">
      <Filter>Luxia\Asset</Filter>
    </ClInclude>
    <ClInclude Include="src\Luxia\Asset\ShaderFile.h">
      <Filter>Luxia\Asset</Filter>
    </ClInclude>
    <ClInclude Include="src\Luxia\Asset\TextureFile.h">
      <Filter>Luxia\Asset</Filter>
    </ClInclude>
    <ClInclude Include="src\Luxia\Components\Camera.h">
      <Filter>Luxia\Components</Filter>
    </ClInclude>
    <ClInclude Include="src\Luxia\Components\Component.h">
      <Filter>Luxia\Components</Filter>
    </ClInclude>
    <ClInclude Include="src\Luxia\Components\MeshRenderer.h">
      <Filter>Luxia\Components</Filter>
    </ClInclude>
    <ClInclude Include="src\Luxia\Components\Transform.h">
      <Filter>Luxia\Components</Filter>
    </ClInclude>
    <ClInclude Include="src\Luxia\Core\Application.h">
      <Filter>Luxia\Core</Filter>
    </ClInclude>
    <ClInclude Include="src\Luxia\Core\Core.h">
      <Filter>Luxia\Core</Filter>
    </ClInclude>
    <ClInclude Include="src\Luxia\Core\EntryPoint.h">
      <Filter>Luxia\Core</Filter>
    </ClInclude>
    <ClInclude Include="src\Luxia\Core\GUID.h">
      <Filter>Luxia\Core</Filter>
    </ClInclude>
    <ClInclude Include="src\Luxia\Core\Log.h">
      <Filter>Luxia\Core</Filter>
    </ClInclude>
    <ClInclude Include="src\Luxia\Core\WeakPtrProxy.h">
      <Filter>Luxia\Core</Filter>
    </ClInclude>
    <ClInclude Include="src\Luxia\Events\Event.h">
      <Filter>Luxia\Events</Filter>
    </ClInclude>
    <ClInclude Include="src\Luxia\Events\EventDefs.h">
      <Filter>Luxia\Events</Filter>
    </ClInclude>
    <ClInclude Include="src\Luxia\Events\EventHandler.h">
      <Filter>Luxia\Events</Filter>
    </ClInclude>
    <ClInclude Include="src\Luxia\Events\KeyEvent.h">
      <Filter>Luxia\Events</Filter>
    </ClInclude>
    <ClInclude Include="src\Luxia\Events\MouseEvent.h">
      <Filter>Luxia\Events</Filter>
    </ClInclude>
    <ClInclude Include="src\Luxia\Events\RenderEvent.h">
      <Filter>Luxia\Events</Filter>
    </ClInclude>
    <ClInclude Include="src\Luxia\Events\WindowEvent.h">
      <Filter>Luxia\Events</Filter>
    </ClInclude>
    <ClInclude Include="src\Luxia\Layers\EventLayer.h">
      <Filter>Luxia\Layers</Filter>
    </ClInclude>
    <ClInclude Include="src\Luxia\Layers\GameLayer.h">
      <Filter>Luxia\Layers</Filter>
    </ClInclude>
    <ClInclude Include="src\Luxia\Layers\Layer.h">
      <Filter>Luxia\Layers</Filter>
    </ClInclude>
    <ClInclude Include="src\Luxia\Layers\LayerStack.h">
      <Filter>Luxia\Layers</Filter>
    </ClInclude>
    <ClInclude Include="src\Luxia\Layers\RenderLayer.h">
      <Filter>Luxia\Layers</Filter>
    </ClInclude>
    <ClInclude Include="src\Luxia\Layers\UILayer.h">
      <Filter>Luxia\Layers</Filter>
    </ClInclude>
    <ClInclude Include="src\Luxia\Layers\ViewportLayer.h">
      <Filter>Luxia\Layers</Filter>
    </ClInclude>
    <ClInclude Include="src\Luxia\Managers\AssetManager.h">
      <Filter>Luxia\Managers</Filter>
    </ClInclude>
    <ClInclude Include="src\Luxia\Managers\EventManager.h">
      <Filter>Luxia\Managers</Filter>
    </ClInclude>
    <ClInclude Include="src\Luxia\Managers\ProjectManager.h">
      <Filter>Luxia\Managers</Filter>
    </ClInclude>
    <ClInclude Include="src\Luxia\Managers\SceneManager.h">
      <Filter>Luxia\Managers</Filter>
    </ClInclude>
    <ClInclude Include="src\Luxia\Mesh.h">
      <Filter>Luxia</Filter>
    </ClInclude>
    <ClInclude Include="src\Luxia\Platform\AssetCreation.h">
      <Filter>Luxia\Platform</Filter>
    </ClInclude>
    <ClInclude Include="src\Luxia\Platform\OpenGL\GL_Camera.h">
      <Filter>Luxia\Platform\OpenGL</Filter>
    </ClInclude>
    <ClInclude Include="src\Luxia\Platform\OpenGL\GL_Material.h">
      <Filter>Luxia\Platform\OpenGL</Filter>
    </ClInclude>
    <ClInclude Include="src\Luxia\Platform\OpenGL\GL_Model.h">
      <Filter>Luxia\Platform\OpenGL</Filter>
    </ClInclude>
    <ClInclude Include="src\Luxia\Platform\OpenGL\GL_Shader.h">
      <Filter>Luxia\Platform\OpenGL</Filter>
    </ClInclude>
    <ClInclude Include="src\Luxia\Platform\OpenGL\GL_Texture.h">
      <Filter>Luxia\Platform\OpenGL</Filter>
    </ClInclude>
    <ClInclude Include="src\Luxia\Platform\OpenGL\GL_Window.h">
      <Filter>Luxia\Platform\OpenGL</Filter>
    </ClInclude>
    <ClInclude Include="src\Luxia\Platform\PlatformDefinitions.h">
      <Filter>Luxia\Platform</Filter>
    </ClInclude>
    <ClInclude Include="src\Luxia\Rendering\API\ICamera.h">
      <Filter>Luxia\Rendering\API</Filter>
    </ClInclude>
    <ClInclude Include="src\Luxia\Rendering\API\IMaterial.h">
      <Filter>Luxia\Rendering\API</Filter>
    </ClInclude>
    <ClInclude Include="src\Luxia\Rendering\API\IModel.h">
      <Filter>Luxia\Rendering\API</Filter>
    </ClInclude>
    <ClInclude Include="src\Luxia\Rendering\API\IRenderBuffers.h">
      <Filter>Luxia\Rendering\API</Filter>
    </ClInclude>
    <ClInclude Include="src\Luxia\Rendering\API\IRenderer.h">
      <Filter>Luxia\Rendering\API</Filter>
    </ClInclude>
    <ClInclude Include="src\Luxia\Rendering\API\IShader.h">
      <Filter>Luxia\Rendering\API</Filter>
    </ClInclude>
    <ClInclude Include="src\Luxia\Rendering\API\ITexture.h">
      <Filter>Luxia\Rendering\API</Filter>
    </ClInclude>
    <ClInclude Include="src\Luxia\Rendering\API\IWindow.h">
      <Filter>Luxia\Rendering\API</Filter>
    </ClInclude>
    <ClInclude Include="src\Luxia\Rendering\OpenGL\OpenGLRenderBuffers.h">
      <Filter>Luxia\Rendering\OpenGL</Filter>
    </ClInclude>
    <ClInclude Include="src\Luxia\Rendering\OpenGL\OpenGL_Renderer.h">
      <Filter>Luxia\Rendering\OpenGL</Filter>
    </ClInclude>
    <ClInclude Include="src\Luxia\Rendering\RenderingCreation.h">
      <Filter>Luxia\Rendering</Filter>
    </ClInclude>
    <ClInclude Include="src\Luxia\Rendering\Vertex.h">
      <Filter>Luxia\Rendering</Filter>
    </ClInclude>
    <ClInclude Include="src\Luxia\Scene.h">
      <Filter>Luxia</Filter>
    </ClInclude>
    <ClInclude Include="src\lxpch.h" />
  </ItemGroup>
  <ItemGroup>
    <ClCompile Include="src\Luxia\Asset\MetaFile.cpp">
      <Filter>Luxia\Asset</Filter>
    </ClCompile>
    <ClCompile Include="src\Luxia\Core\Application.cpp">
      <Filter>Luxia\Core</Filter>
    </ClCompile>
    <ClCompile Include="src\Luxia\Core\GUID.cpp">
      <Filter>Luxia\Core</Filter>
    </ClCompile>
    <ClCompile Include="src\Luxia\Core\Log.cpp">
      <Filter>Luxia\Core</Filter>
    </ClCompile>
    <ClCompile Include="src\Luxia\Core\stb.cpp">
      <Filter>Luxia\Core</Filter>
    </ClCompile>
    <ClCompile Include="src\Luxia\Events\EventHandler.cpp">
      <Filter>Luxia\Events</Filter>
    </ClCompile>
    <ClCompile Include="src\Luxia\Layers\EventLayer.cpp">
      <Filter>Luxia\Layers</Filter>
    </ClCompile>
    <ClCompile Include="src\Luxia\Layers\GameLayer.cpp">
      <Filter>Luxia\Layers</Filter>
    </ClCompile>
    <ClCompile Include="src\Luxia\Layers\RenderLayer.cpp">
      <Filter>Luxia\Layers</Filter>
    </ClCompile>
    <ClCompile Include="src\Luxia\Layers\UILayer.cpp">
      <Filter>Luxia\Layers</Filter>
    </ClCompile>
    <ClCompile Include="src\Luxia\Layers\ViewportLayer.cpp">
      <Filter>Luxia\Layers</Filter>
    </ClCompile>
    <ClCompile Include="src\Luxia\Managers\AssetManager.cpp">
      <Filter>Luxia\Managers</Filter>
    </ClCompile>
    <ClCompile Include="src\Luxia\Managers\ProjectManager.cpp">
      <Filter>Luxia\Managers</Filter>
    </ClCompile>
    <ClCompile Include="src\Luxia\Managers\SceneManager.cpp">
      <Filter>Luxia\Managers</Filter>
    </ClCompile>
    <ClCompile Include="src\Luxia\Mesh.cpp">
      <Filter>Luxia</Filter>
    </ClCompile>
    <ClCompile Include="src\Luxia\Platform\OpenGL\GL_Camera.cpp">
      <Filter>Luxia\Platform\OpenGL</Filter>
    </ClCompile>
    <ClCompile Include="src\Luxia\Platform\OpenGL\GL_Material.cpp">
      <Filter>Luxia\Platform\OpenGL</Filter>
    </ClCompile>
    <ClCompile Include="src\Luxia\Platform\OpenGL\GL_Model.cpp">
      <Filter>Luxia\Platform\OpenGL</Filter>
    </ClCompile>
    <ClCompile Include="src\Luxia\Platform\OpenGL\GL_Shader.cpp">
      <Filter>Luxia\Platform\OpenGL</Filter>
    </ClCompile>
    <ClCompile Include="src\Luxia\Platform\OpenGL\GL_Texture.cpp">
      <Filter>Luxia\Platform\OpenGL</Filter>
    </ClCompile>
    <ClCompile Include="src\Luxia\Platform\OpenGL\GL_Window.cpp">
      <Filter>Luxia\Platform\OpenGL</Filter>
    </ClCompile>
    <ClCompile Include="src\Luxia\Rendering\OpenGL\OpenGLRenderBuffers.cpp">
      <Filter>Luxia\Rendering\OpenGL</Filter>
    </ClCompile>
    <ClCompile Include="src\Luxia\Rendering\OpenGL\OpenGL_Renderer.cpp">
      <Filter>Luxia\Rendering\OpenGL</Filter>
    </ClCompile>
    <ClCompile Include="src\Luxia\Scene.cpp">
      <Filter>Luxia</Filter>
    </ClCompile>
    <ClCompile Include="src\lxpch.cpp" />
  </ItemGroup>
</Project>