<?xml version="1.0" encoding="utf-8"?>
<Project ToolsVersion="4.0" xmlns="http://schemas.microsoft.com/developer/msbuild/2003">
  <ItemGroup>
    <Filter Include="src">
      <UniqueIdentifier>{2DAB880B-99B4-887C-2230-9F7C8E38947C}</UniqueIdentifier>
    </Filter>
    <Filter Include="src\Luxia">
      <UniqueIdentifier>{7F895DB3-EBF3-112A-3432-C3CFA0DBEF7E}</UniqueIdentifier>
    </Filter>
    <Filter Include="src\Luxia\Assets">
      <UniqueIdentifier>{814B44DA-6D44-632C-9676-48B182CE4238}</UniqueIdentifier>
    </Filter>
    <Filter Include="src\Luxia\Events">
      <UniqueIdentifier>{83B0C7E3-6FA9-E635-98DB-CBBA8433C641}</UniqueIdentifier>
    </Filter>
    <Filter Include="src\Luxia\Layers">
      <UniqueIdentifier>{5E9BAAF2-4A94-C944-73C6-AEC95F1EA950}</UniqueIdentifier>
    </Filter>
    <Filter Include="src\Luxia\Managers">
      <UniqueIdentifier>{3C6A091A-284E-CA6F-91AE-C4C27DB1B4F1}</UniqueIdentifier>
    </Filter>
    <Filter Include="src\Luxia\Platform">
      <UniqueIdentifier>{B3E49310-9FC8-5466-0829-4FB9F42B3FE8}</UniqueIdentifier>
    </Filter>
    <Filter Include="src\lxm">
      <UniqueIdentifier>{CD1A30A9-39FA-AE44-4212-3A1BAE7015A6}</UniqueIdentifier>
    </Filter>
    <Filter Include="vendor">
      <UniqueIdentifier>{B3738122-9F15-ACF8-88D0-BF4C74113349}</UniqueIdentifier>
    </Filter>
    <Filter Include="vendor\glad">
      <UniqueIdentifier>{9A8E79C1-0644-F2B6-8F38-EC8DFBECE8BA}</UniqueIdentifier>
    </Filter>
    <Filter Include="src\Luxia\Platform\Textures">
      <UniqueIdentifier>{08619ba8-6779-4091-91ea-149e3b55ab39}</UniqueIdentifier>
    </Filter>
    <Filter Include="src\Luxia\Platform\Windows">
      <UniqueIdentifier>{8c89e975-98dc-4bba-9b00-6d3f018e0dfc}</UniqueIdentifier>
    </Filter>
    <Filter Include="src\Luxia\Platform\Models">
      <UniqueIdentifier>{53712381-f9ed-4fd8-bc4a-faf109086781}</UniqueIdentifier>
    </Filter>
  </ItemGroup>
  <ItemGroup>
    <ClInclude Include="src\Luxia.h">
      <Filter>src</Filter>
    </ClInclude>
    <ClInclude Include="src\Luxia\Application.h">
      <Filter>src\Luxia</Filter>
    </ClInclude>
    <ClInclude Include="src\Luxia\Assets\Asset.h">
      <Filter>src\Luxia\Assets</Filter>
    </ClInclude>
    <ClInclude Include="src\Luxia\Assets\ModelAsset.h">
      <Filter>src\Luxia\Assets</Filter>
    </ClInclude>
    <ClInclude Include="src\Luxia\Assets\TextureAsset.h">
      <Filter>src\Luxia\Assets</Filter>
    </ClInclude>
    <ClInclude Include="src\Luxia\Core.h">
      <Filter>src\Luxia</Filter>
    </ClInclude>
    <ClInclude Include="src\Luxia\EntryPoint.h">
      <Filter>src\Luxia</Filter>
    </ClInclude>
    <ClInclude Include="src\Luxia\Events\Event.h">
      <Filter>src\Luxia\Events</Filter>
    </ClInclude>
    <ClInclude Include="src\Luxia\Events\EventHandler.h">
      <Filter>src\Luxia\Events</Filter>
    </ClInclude>
    <ClInclude Include="src\Luxia\Events\EventPCH.h">
      <Filter>src\Luxia\Events</Filter>
    </ClInclude>
    <ClInclude Include="src\Luxia\Events\KeyEvent.h">
      <Filter>src\Luxia\Events</Filter>
    </ClInclude>
    <ClInclude Include="src\Luxia\Events\MouseEvent.h">
      <Filter>src\Luxia\Events</Filter>
    </ClInclude>
    <ClInclude Include="src\Luxia\Events\WindowEvent.h">
      <Filter>src\Luxia\Events</Filter>
    </ClInclude>
    <ClInclude Include="src\Luxia\Layers\GameLayer.h">
      <Filter>src\Luxia\Layers</Filter>
    </ClInclude>
    <ClInclude Include="src\Luxia\Layers\InputLayer.h">
      <Filter>src\Luxia\Layers</Filter>
    </ClInclude>
    <ClInclude Include="src\Luxia\Layers\Layer.h">
      <Filter>src\Luxia\Layers</Filter>
    </ClInclude>
    <ClInclude Include="src\Luxia\Layers\LayerStack.h">
      <Filter>src\Luxia\Layers</Filter>
    </ClInclude>
    <ClInclude Include="src\Luxia\Layers\RenderLayer.h">
      <Filter>src\Luxia\Layers</Filter>
    </ClInclude>
    <ClInclude Include="src\Luxia\Log.h">
      <Filter>src\Luxia</Filter>
    </ClInclude>
    <ClInclude Include="src\Luxia\Managers\AssetManager.h">
      <Filter>src\Luxia\Managers</Filter>
    </ClInclude>
    <ClInclude Include="src\Luxia\Managers\InputManager.h">
      <Filter>src\Luxia\Managers</Filter>
    </ClInclude>
    <ClInclude Include="src\Luxia\Managers\ProjectManager.h">
      <Filter>src\Luxia\Managers</Filter>
    </ClInclude>
    <ClInclude Include="src\Luxia\Managers\SceneManager.h">
      <Filter>src\Luxia\Managers</Filter>
    </ClInclude>
    <ClInclude Include="src\Luxia\Platform\PlatformDefinitions.h">
      <Filter>src\Luxia</Filter>
    </ClInclude>
    <ClInclude Include="src\Luxia\WeakPtrProxy.h">
      <Filter>src\Luxia</Filter>
    </ClInclude>
    <ClInclude Include="src\lxm\lxm_common.h">
      <Filter>src\lxm</Filter>
    </ClInclude>
    <ClInclude Include="src\lxm\lxm_vectors.h">
      <Filter>src\lxm</Filter>
    </ClInclude>
    <ClInclude Include="src\Luxia\Platform\OpenGL\GL_Texture.h">
      <Filter>src\Luxia\Platform\Textures</Filter>
    </ClInclude>
    <ClInclude Include="src\Luxia\Rendering\API\ITexture.h">
      <Filter>src\Luxia\Platform\Textures</Filter>
    </ClInclude>
    <ClInclude Include="src\Luxia\Rendering\API\IWindow.h">
      <Filter>src\Luxia\Platform\Windows</Filter>
    </ClInclude>
    <ClInclude Include="src\Luxia\Platform\OpenGL\GL_Window.h">
      <Filter>src\Luxia\Platform\Windows</Filter>
    </ClInclude>
    <ClInclude Include="src\Luxia\Rendering\API\IModel.h">
      <Filter>src\Luxia\Platform\Models</Filter>
    </ClInclude>
    <ClInclude Include="src\Luxia\Platform\OpenGL\GL_Model.h">
      <Filter>src\Luxia\Platform\Models</Filter>
    </ClInclude>
    <ClInclude Include="src\Luxia\Rendering\API\IRenderBuffers.h" />
    <ClInclude Include="src\Luxia\Rendering\OpenGL\OpenGLRenderBuffers.h" />
    <ClInclude Include="src\Luxia\Rendering\Vertex.h" />
    <ClInclude Include="src\Luxia\Mesh.h" />
    <ClInclude Include="src\Luxia\Platform\AssetCreation.h" />
    <ClInclude Include="src\Luxia\Rendering\RenderingCreation.h" />
    <ClInclude Include="src\Luxia\Rendering\API\IRenderer.h" />
    <ClInclude Include="src\Luxia\Rendering\OpenGL\OpenGL_Renderer.h" />
  </ItemGroup>
  <ItemGroup>
    <ClCompile Include="src\Luxia\Application.cpp">
      <Filter>src\Luxia</Filter>
    </ClCompile>
    <ClCompile Include="src\Luxia\Events\EventHandler.cpp">
      <Filter>src\Luxia\Events</Filter>
    </ClCompile>
    <ClCompile Include="src\Luxia\Log.cpp">
      <Filter>src\Luxia</Filter>
    </ClCompile>
    <ClCompile Include="src\Luxia\Managers\AssetManager.cpp">
      <Filter>src\Luxia\Managers</Filter>
    </ClCompile>
    <ClCompile Include="src\Luxia\Managers\ProjectManager.cpp">
      <Filter>src\Luxia\Managers</Filter>
    </ClCompile>
    <ClCompile Include="src\Luxia\Managers\SceneManager.cpp">
      <Filter>src\Luxia\Managers</Filter>
    </ClCompile>
    <ClCompile Include="src\Luxia\stb.cpp">
      <Filter>src\Luxia</Filter>
    </ClCompile>
    <ClCompile Include="vendor\glad\glad.c">
      <Filter>vendor\glad</Filter>
    </ClCompile>
    <ClCompile Include="src\Luxia\Platform\OpenGL\GL_Texture.cpp">
      <Filter>src\Luxia\Platform\Textures</Filter>
    </ClCompile>
    <ClCompile Include="src\Luxia\Platform\OpenGL\GL_Window.cpp">
      <Filter>src\Luxia\Platform\Windows</Filter>
    </ClCompile>
    <ClCompile Include="src\Luxia\Rendering\OpenGL\OpenGLRenderBuffers.cpp" />
    <ClCompile Include="src\Luxia\Mesh.cpp" />
    <ClCompile Include="src\Luxia\Rendering\OpenGL\OpenGL_Renderer.cpp" />
  </ItemGroup>
</Project>